<?xml version="1.0" encoding="utf-8"?>
<Project ToolsVersion="4.0" xmlns="http://schemas.microsoft.com/developer/msbuild/2003">
  <ItemGroup>
    <Filter Include="소스 파일">
      <UniqueIdentifier>{4FC737F1-C7A5-4376-A066-2A32D752A2FF}</UniqueIdentifier>
      <Extensions>cpp;c;cc;cxx;def;odl;idl;hpj;bat;asm;asmx</Extensions>
    </Filter>
    <Filter Include="헤더 파일">
      <UniqueIdentifier>{93995380-89BD-4b04-88EB-625FBE52EBFB}</UniqueIdentifier>
      <Extensions>h;hh;hpp;hxx;hm;inl;inc;ipp;xsd</Extensions>
    </Filter>
    <Filter Include="리소스 파일">
      <UniqueIdentifier>{67DA6AB6-F800-4c08-8B7A-83BB121AAD01}</UniqueIdentifier>
      <Extensions>rc;ico;cur;bmp;dlg;rc2;rct;bin;rgs;gif;jpg;jpeg;jpe;resx;tiff;tif;png;wav;mfcribbon-ms</Extensions>
    </Filter>
  </ItemGroup>
  <ItemGroup>
    <ClInclude Include="MFC Client.h">
      <Filter>헤더 파일</Filter>
    </ClInclude>
    <ClInclude Include="MFC ClientDlg.h">
      <Filter>헤더 파일</Filter>
    </ClInclude>
    <ClInclude Include="stdafx.h">
      <Filter>헤더 파일</Filter>
    </ClInclude>
    <ClInclude Include="targetver.h">
      <Filter>헤더 파일</Filter>
    </ClInclude>
    <ClInclude Include="Resource.h">
      <Filter>헤더 파일</Filter>
    </ClInclude>
    <ClInclude Include="SuccessLogin.h">
      <Filter>헤더 파일</Filter>
    </ClInclude>
    <ClInclude Include="CheckingInfo.h">
      <Filter>헤더 파일</Filter>
    </ClInclude>
    <ClInclude Include="Register.h">
      <Filter>헤더 파일</Filter>
    </ClInclude>
    <ClInclude Include="Main.h">
      <Filter>헤더 파일</Filter>
    </ClInclude>
    <ClInclude Include="include.h">
      <Filter>헤더 파일</Filter>
    </ClInclude>
    <ClInclude Include="define.h">
      <Filter>헤더 파일</Filter>
    </ClInclude>
    <ClInclude Include="struct.h">
      <Filter>헤더 파일</Filter>
    </ClInclude>
    <ClInclude Include="FoundAccount.h">
      <Filter>헤더 파일</Filter>
    </ClInclude>
    <ClInclude Include="ResultIDFND.h">
      <Filter>헤더 파일</Filter>
    </ClInclude>
    <ClInclude Include="ResultPWFND.h">
      <Filter>헤더 파일</Filter>
    </ClInclude>
  </ItemGroup>
  <ItemGroup>
    <ClCompile Include="MFC Client.cpp">
      <Filter>소스 파일</Filter>
    </ClCompile>
    <ClCompile Include="MFC ClientDlg.cpp">
      <Filter>소스 파일</Filter>
    </ClCompile>
    <ClCompile Include="stdafx.cpp">
      <Filter>소스 파일</Filter>
    </ClCompile>
    <ClCompile Include="SuccessLogin.cpp">
      <Filter>소스 파일</Filter>
    </ClCompile>
    <ClCompile Include="CheckingInfo.cpp">
      <Filter>소스 파일</Filter>
    </ClCompile>
    <ClCompile Include="Register.cpp">
      <Filter>소스 파일</Filter>
    </ClCompile>
    <ClCompile Include="recv_Struct.cpp">
      <Filter>소스 파일</Filter>
    </ClCompile>
    <ClCompile Include="SHA256.cpp">
      <Filter>소스 파일</Filter>
    </ClCompile>
    <ClCompile Include="FoundAccount.cpp">
      <Filter>소스 파일</Filter>
    </ClCompile>
    <ClCompile Include="ResultIDFND.cpp">
      <Filter>소스 파일</Filter>
    </ClCompile>
    <ClCompile Include="ResultPWFND.cpp">
      <Filter>소스 파일</Filter>
    </ClCompile>
    <ClCompile Include="AES_Encrypt.cpp">
      <Filter>소스 파일</Filter>
    </ClCompile>
    <ClCompile Include="AES_Decrypt.cpp">
      <Filter>소스 파일</Filter>
    </ClCompile>
    <ClCompile Include="Create_AES_IV.cpp">
      <Filter>소스 파일</Filter>
    </ClCompile>
    <ClCompile Include="Create_AES_KEY.cpp">
      <Filter>소스 파일</Filter>
    </ClCompile>
  </ItemGroup>
  <ItemGroup>
    <ResourceCompile Include="MFCClient.rc">
      <Filter>리소스 파일</Filter>
    </ResourceCompile>
  </ItemGroup>
  <ItemGroup>
    <None Include="res\MFCClient.rc2">
      <Filter>리소스 파일</Filter>
    </None>
  </ItemGroup>
  <ItemGroup>
    <Image Include="res\MFC Client.ico">
      <Filter>리소스 파일</Filter>
    </Image>
  </ItemGroup>
</Project>